
Microsoft Visual Studio Solution File, Format Version 12.00
# Visual Studio Version 16
VisualStudioVersion = 16.0.30406.217
MinimumVisualStudioVersion = 10.0.40219.1
Project("{9A19103F-16F7-4668-BE54-9A1E7A4F7556}") = "TiendaServicios.Api.Autor", "TiendaServicios.Api.Autor\TiendaServicios.Api.Autor.csproj", "{EA2BDA75-CDAE-4D36-8986-C943742D1EE9}"
EndProject
Project("{9A19103F-16F7-4668-BE54-9A1E7A4F7556}") = "TiendaServicios.Api.Libro", "TiendaServicios.Api.Libro\TiendaServicios.Api.Libro.csproj", "{BB6C7DBD-7B60-464B-8D74-917FFAF02025}"
EndProject
Project("{9A19103F-16F7-4668-BE54-9A1E7A4F7556}") = "TiendaServicios.Api.CarritoCompra", "TiendaServicios.Api.CarritoCompra\TiendaServicios.Api.CarritoCompra.csproj", "{5F136609-58FF-42BB-9E12-03DAF8C0287F}"
EndProject
Project("{FAE04EC0-301F-11D3-BF4B-00C04F79EFBC}") = "TiendaServicios.Api.Libro.Tests", "TiendaServicios.Api.Libro.Tests\TiendaServicios.Api.Libro.Tests.csproj", "{4ADA3C07-02F8-4FB4-A9A4-B7FF466DC988}"
EndProject
Global
	GlobalSection(SolutionConfigurationPlatforms) = preSolution
		Debug|Any CPU = Debug|Any CPU
		Release|Any CPU = Release|Any CPU
	EndGlobalSection
	GlobalSection(ProjectConfigurationPlatforms) = postSolution
		{EA2BDA75-CDAE-4D36-8986-C943742D1EE9}.Debug|Any CPU.ActiveCfg = Debug|Any CPU
		{EA2BDA75-CDAE-4D36-8986-C943742D1EE9}.Debug|Any CPU.Build.0 = Debug|Any CPU
		{EA2BDA75-CDAE-4D36-8986-C943742D1EE9}.Release|Any CPU.ActiveCfg = Release|Any CPU
		{EA2BDA75-CDAE-4D36-8986-C943742D1EE9}.Release|Any CPU.Build.0 = Release|Any CPU
		{BB6C7DBD-7B60-464B-8D74-917FFAF02025}.Debug|Any CPU.ActiveCfg = Debug|Any CPU
		{BB6C7DBD-7B60-464B-8D74-917FFAF02025}.Debug|Any CPU.Build.0 = Debug|Any CPU
		{BB6C7DBD-7B60-464B-8D74-917FFAF02025}.Release|Any CPU.ActiveCfg = Release|Any CPU
		{BB6C7DBD-7B60-464B-8D74-917FFAF02025}.Release|Any CPU.Build.0 = Release|Any CPU
		{5F136609-58FF-42BB-9E12-03DAF8C0287F}.Debug|Any CPU.ActiveCfg = Debug|Any CPU
		{5F136609-58FF-42BB-9E12-03DAF8C0287F}.Debug|Any CPU.Build.0 = Debug|Any CPU
		{5F136609-58FF-42BB-9E12-03DAF8C0287F}.Release|Any CPU.ActiveCfg = Release|Any CPU
		{5F136609-58FF-42BB-9E12-03DAF8C0287F}.Release|Any CPU.Build.0 = Release|Any CPU
		{4ADA3C07-02F8-4FB4-A9A4-B7FF466DC988}.Debug|Any CPU.ActiveCfg = Debug|Any CPU
		{4ADA3C07-02F8-4FB4-A9A4-B7FF466DC988}.Debug|Any CPU.Build.0 = Debug|Any CPU
		{4ADA3C07-02F8-4FB4-A9A4-B7FF466DC988}.Release|Any CPU.ActiveCfg = Release|Any CPU
		{4ADA3C07-02F8-4FB4-A9A4-B7FF466DC988}.Release|Any CPU.Build.0 = Release|Any CPU
	EndGlobalSection
	GlobalSection(SolutionProperties) = preSolution
		HideSolutionNode = FALSE
	EndGlobalSection
	GlobalSection(ExtensibilityGlobals) = postSolution
		SolutionGuid = {BB889B19-E3DF-447C-A753-DFA2D5B30A9D}
	EndGlobalSection
EndGlobal
